// !$*UTF8*$!
{
	archiveVersion = 1;
	classes = {
	};
	objectVersion = 46;
	objects = {

/* Begin PBXBuildFile section */
		50532048197C67D700DA78C2 /* dot.png in Resources */ = {isa = PBXBuildFile; fileRef = 50532047197C67D700DA78C2 /* dot.png */; };
		7764ADDA196CA48800C865CF /* Foundation.framework in Frameworks */ = {isa = PBXBuildFile; fileRef = 7764ADD9196CA48800C865CF /* Foundation.framework */; };
		7764ADDC196CA48800C865CF /* CoreGraphics.framework in Frameworks */ = {isa = PBXBuildFile; fileRef = 7764ADDB196CA48800C865CF /* CoreGraphics.framework */; };
		7764ADDE196CA48800C865CF /* UIKit.framework in Frameworks */ = {isa = PBXBuildFile; fileRef = 7764ADDD196CA48800C865CF /* UIKit.framework */; };
		7764ADE4196CA48800C865CF /* InfoPlist.strings in Resources */ = {isa = PBXBuildFile; fileRef = 7764ADE2196CA48800C865CF /* InfoPlist.strings */; };
		7764ADE6196CA48800C865CF /* main.m in Sources */ = {isa = PBXBuildFile; fileRef = 7764ADE5196CA48800C865CF /* main.m */; };
		7764ADEA196CA48800C865CF /* AppDelegate.m in Sources */ = {isa = PBXBuildFile; fileRef = 7764ADE9196CA48800C865CF /* AppDelegate.m */; };
		7764ADED196CA48800C865CF /* Main.storyboard in Resources */ = {isa = PBXBuildFile; fileRef = 7764ADEB196CA48800C865CF /* Main.storyboard */; };
		7764ADF0196CA48800C865CF /* ViewController.m in Sources */ = {isa = PBXBuildFile; fileRef = 7764ADEF196CA48800C865CF /* ViewController.m */; };
		7764ADF2196CA48800C865CF /* Images.xcassets in Resources */ = {isa = PBXBuildFile; fileRef = 7764ADF1196CA48800C865CF /* Images.xcassets */; };
		7764ADF9196CA48800C865CF /* XCTest.framework in Frameworks */ = {isa = PBXBuildFile; fileRef = 7764ADF8196CA48800C865CF /* XCTest.framework */; };
		7764ADFA196CA48800C865CF /* Foundation.framework in Frameworks */ = {isa = PBXBuildFile; fileRef = 7764ADD9196CA48800C865CF /* Foundation.framework */; };
		7764ADFB196CA48800C865CF /* UIKit.framework in Frameworks */ = {isa = PBXBuildFile; fileRef = 7764ADDD196CA48800C865CF /* UIKit.framework */; };
		7764AE03196CA48800C865CF /* InfoPlist.strings in Resources */ = {isa = PBXBuildFile; fileRef = 7764AE01196CA48800C865CF /* InfoPlist.strings */; };
		7764AE05196CA48800C865CF /* CalcTests.m in Sources */ = {isa = PBXBuildFile; fileRef = 7764AE04196CA48800C865CF /* CalcTests.m */; };
/* End PBXBuildFile section */

/* Begin PBXContainerItemProxy section */
		7764ADFC196CA48800C865CF /* PBXContainerItemProxy */ = {
			isa = PBXContainerItemProxy;
			containerPortal = 7764ADCE196CA48800C865CF /* Project object */;
			proxyType = 1;
			remoteGlobalIDString = 7764ADD5196CA48800C865CF;
			remoteInfo = Calc;
		};
/* End PBXContainerItemProxy section */

/* Begin PBXFileReference section */
		50532047197C67D700DA78C2 /* dot.png */ = {isa = PBXFileReference; lastKnownFileType = image.png; path = dot.png; sourceTree = "<group>"; };
		7764ADD6196CA48800C865CF /* Calc.app */ = {isa = PBXFileReference; explicitFileType = wrapper.application; includeInIndex = 0; path = Calc.app; sourceTree = BUILT_PRODUCTS_DIR; };
		7764ADD9196CA48800C865CF /* Foundation.framework */ = {isa = PBXFileReference; lastKnownFileType = wrapper.framework; name = Foundation.framework; path = System/Library/Frameworks/Foundation.framework; sourceTree = SDKROOT; };
		7764ADDB196CA48800C865CF /* CoreGraphics.framework */ = {isa = PBXFileReference; lastKnownFileType = wrapper.framework; name = CoreGraphics.framework; path = System/Library/Frameworks/CoreGraphics.framework; sourceTree = SDKROOT; };
		7764ADDD196CA48800C865CF /* UIKit.framework */ = {isa = PBXFileReference; lastKnownFileType = wrapper.framework; name = UIKit.framework; path = System/Library/Frameworks/UIKit.framework; sourceTree = SDKROOT; };
		7764ADE1196CA48800C865CF /* Calc-Info.plist */ = {isa = PBXFileReference; lastKnownFileType = text.plist.xml; path = "Calc-Info.plist"; sourceTree = "<group>"; };
		7764ADE3196CA48800C865CF /* en */ = {isa = PBXFileReference; lastKnownFileType = text.plist.strings; name = en; path = en.lproj/InfoPlist.strings; sourceTree = "<group>"; };
		7764ADE5196CA48800C865CF /* main.m */ = {isa = PBXFileReference; lastKnownFileType = sourcecode.c.objc; path = main.m; sourceTree = "<group>"; };
		7764ADE7196CA48800C865CF /* Calc-Prefix.pch */ = {isa = PBXFileReference; lastKnownFileType = sourcecode.c.h; path = "Calc-Prefix.pch"; sourceTree = "<group>"; };
		7764ADE8196CA48800C865CF /* AppDelegate.h */ = {isa = PBXFileReference; lastKnownFileType = sourcecode.c.h; path = AppDelegate.h; sourceTree = "<group>"; };
		7764ADE9196CA48800C865CF /* AppDelegate.m */ = {isa = PBXFileReference; lastKnownFileType = sourcecode.c.objc; path = AppDelegate.m; sourceTree = "<group>"; };
		7764ADEC196CA48800C865CF /* Base */ = {isa = PBXFileReference; lastKnownFileType = file.storyboard; name = Base; path = Base.lproj/Main.storyboard; sourceTree = "<group>"; };
		7764ADEE196CA48800C865CF /* ViewController.h */ = {isa = PBXFileReference; lastKnownFileType = sourcecode.c.h; path = ViewController.h; sourceTree = "<group>"; };
		7764ADEF196CA48800C865CF /* ViewController.m */ = {isa = PBXFileReference; lastKnownFileType = sourcecode.c.objc; path = ViewController.m; sourceTree = "<group>"; };
		7764ADF1196CA48800C865CF /* Images.xcassets */ = {isa = PBXFileReference; lastKnownFileType = folder.assetcatalog; path = Images.xcassets; sourceTree = "<group>"; };
		7764ADF7196CA48800C865CF /* CalcTests.xctest */ = {isa = PBXFileReference; explicitFileType = wrapper.cfbundle; includeInIndex = 0; path = CalcTests.xctest; sourceTree = BUILT_PRODUCTS_DIR; };
		7764ADF8196CA48800C865CF /* XCTest.framework */ = {isa = PBXFileReference; lastKnownFileType = wrapper.framework; name = XCTest.framework; path = Library/Frameworks/XCTest.framework; sourceTree = DEVELOPER_DIR; };
		7764AE00196CA48800C865CF /* CalcTests-Info.plist */ = {isa = PBXFileReference; lastKnownFileType = text.plist.xml; path = "CalcTests-Info.plist"; sourceTree = "<group>"; };
		7764AE02196CA48800C865CF /* en */ = {isa = PBXFileReference; lastKnownFileType = text.plist.strings; name = en; path = en.lproj/InfoPlist.strings; sourceTree = "<group>"; };
		7764AE04196CA48800C865CF /* CalcTests.m */ = {isa = PBXFileReference; lastKnownFileType = sourcecode.c.objc; path = CalcTests.m; sourceTree = "<group>"; };
/* End PBXFileReference section */

/* Begin PBXFrameworksBuildPhase section */
		7764ADD3196CA48800C865CF /* Frameworks */ = {
			isa = PBXFrameworksBuildPhase;
			buildActionMask = 2147483647;
			files = (
				7764ADDC196CA48800C865CF /* CoreGraphics.framework in Frameworks */,
				7764ADDE196CA48800C865CF /* UIKit.framework in Frameworks */,
				7764ADDA196CA48800C865CF /* Foundation.framework in Frameworks */,
			);
			runOnlyForDeploymentPostprocessing = 0;
		};
		7764ADF4196CA48800C865CF /* Frameworks */ = {
			isa = PBXFrameworksBuildPhase;
			buildActionMask = 2147483647;
			files = (
				7764ADF9196CA48800C865CF /* XCTest.framework in Frameworks */,
				7764ADFB196CA48800C865CF /* UIKit.framework in Frameworks */,
				7764ADFA196CA48800C865CF /* Foundation.framework in Frameworks */,
			);
			runOnlyForDeploymentPostprocessing = 0;
		};
/* End PBXFrameworksBuildPhase section */

/* Begin PBXGroup section */
		7764ADCD196CA48800C865CF = {
			isa = PBXGroup;
			children = (
				7764ADDF196CA48800C865CF /* Calc */,
				7764ADFE196CA48800C865CF /* CalcTests */,
				7764ADD8196CA48800C865CF /* Frameworks */,
				7764ADD7196CA48800C865CF /* Products */,
			);
			sourceTree = "<group>";
		};
		7764ADD7196CA48800C865CF /* Products */ = {
			isa = PBXGroup;
			children = (
				7764ADD6196CA48800C865CF /* Calc.app */,
				7764ADF7196CA48800C865CF /* CalcTests.xctest */,
			);
			name = Products;
			sourceTree = "<group>";
		};
		7764ADD8196CA48800C865CF /* Frameworks */ = {
			isa = PBXGroup;
			children = (
				7764ADD9196CA48800C865CF /* Foundation.framework */,
				7764ADDB196CA48800C865CF /* CoreGraphics.framework */,
				7764ADDD196CA48800C865CF /* UIKit.framework */,
				7764ADF8196CA48800C865CF /* XCTest.framework */,
			);
			name = Frameworks;
			sourceTree = "<group>";
		};
		7764ADDF196CA48800C865CF /* Calc */ = {
			isa = PBXGroup;
			children = (
				50532047197C67D700DA78C2 /* dot.png */,
				7764ADE8196CA48800C865CF /* AppDelegate.h */,
				7764ADE9196CA48800C865CF /* AppDelegate.m */,
				7764ADEB196CA48800C865CF /* Main.storyboard */,
				7764ADEE196CA48800C865CF /* ViewController.h */,
				7764ADEF196CA48800C865CF /* ViewController.m */,
				7764ADF1196CA48800C865CF /* Images.xcassets */,
				7764ADE0196CA48800C865CF /* Supporting Files */,
			);
			path = Calc;
			sourceTree = "<group>";
		};
		7764ADE0196CA48800C865CF /* Supporting Files */ = {
			isa = PBXGroup;
			children = (
				7764ADE1196CA48800C865CF /* Calc-Info.plist */,
				7764ADE2196CA48800C865CF /* InfoPlist.strings */,
				7764ADE5196CA48800C865CF /* main.m */,
				7764ADE7196CA48800C865CF /* Calc-Prefix.pch */,
			);
			name = "Supporting Files";
			sourceTree = "<group>";
		};
		7764ADFE196CA48800C865CF /* CalcTests */ = {
			isa = PBXGroup;
			children = (
				7764AE04196CA48800C865CF /* CalcTests.m */,
				7764ADFF196CA48800C865CF /* Supporting Files */,
			);
			path = CalcTests;
			sourceTree = "<group>";
		};
		7764ADFF196CA48800C865CF /* Supporting Files */ = {
			isa = PBXGroup;
			children = (
				7764AE00196CA48800C865CF /* CalcTests-Info.plist */,
				7764AE01196CA48800C865CF /* InfoPlist.strings */,
			);
			name = "Supporting Files";
			sourceTree = "<group>";
		};
/* End PBXGroup section */

/* Begin PBXNativeTarget section */
		7764ADD5196CA48800C865CF /* Calc */ = {
			isa = PBXNativeTarget;
			buildConfigurationList = 7764AE08196CA48800C865CF /* Build configuration list for PBXNativeTarget "Calc" */;
			buildPhases = (
				7764ADD2196CA48800C865CF /* Sources */,
				7764ADD3196CA48800C865CF /* Frameworks */,
				7764ADD4196CA48800C865CF /* Resources */,
			);
			buildRules = (
			);
			dependencies = (
			);
			name = Calc;
			productName = Calc;
			productReference = 7764ADD6196CA48800C865CF /* Calc.app */;
			productType = "com.apple.product-type.application";
		};
		7764ADF6196CA48800C865CF /* CalcTests */ = {
			isa = PBXNativeTarget;
			buildConfigurationList = 7764AE0B196CA48800C865CF /* Build configuration list for PBXNativeTarget "CalcTests" */;
			buildPhases = (
				7764ADF3196CA48800C865CF /* Sources */,
				7764ADF4196CA48800C865CF /* Frameworks */,
				7764ADF5196CA48800C865CF /* Resources */,
			);
			buildRules = (
			);
			dependencies = (
				7764ADFD196CA48800C865CF /* PBXTargetDependency */,
			);
			name = CalcTests;
			productName = CalcTests;
			productReference = 7764ADF7196CA48800C865CF /* CalcTests.xctest */;
			productType = "com.apple.product-type.bundle.unit-test";
		};
/* End PBXNativeTarget section */

/* Begin PBXProject section */
		7764ADCE196CA48800C865CF /* Project object */ = {
			isa = PBXProject;
			attributes = {
				LastUpgradeCheck = 0510;
				TargetAttributes = {
					7764ADF6196CA48800C865CF = {
						TestTargetID = 7764ADD5196CA48800C865CF;
					};
				};
			};
			buildConfigurationList = 7764ADD1196CA48800C865CF /* Build configuration list for PBXProject "Calc" */;
			compatibilityVersion = "Xcode 3.2";
			developmentRegion = English;
			hasScannedForEncodings = 0;
			knownRegions = (
				en,
				Base,
			);
			mainGroup = 7764ADCD196CA48800C865CF;
			productRefGroup = 7764ADD7196CA48800C865CF /* Products */;
			projectDirPath = "";
			projectRoot = "";
			targets = (
				7764ADD5196CA48800C865CF /* Calc */,
				7764ADF6196CA48800C865CF /* CalcTests */,
			);
		};
/* End PBXProject section */

/* Begin PBXResourcesBuildPhase section */
		7764ADD4196CA48800C865CF /* Resources */ = {
			isa = PBXResourcesBuildPhase;
			buildActionMask = 2147483647;
			files = (
				7764ADF2196CA48800C865CF /* Images.xcassets in Resources */,
				50532048197C67D700DA78C2 /* dot.png in Resources */,
				7764ADE4196CA48800C865CF /* InfoPlist.strings in Resources */,
				7764ADED196CA48800C865CF /* Main.storyboard in Resources */,
			);
			runOnlyForDeploymentPostprocessing = 0;
		};
		7764ADF5196CA48800C865CF /* Resources */ = {
			isa = PBXResourcesBuildPhase;
			buildActionMask = 2147483647;
			files = (
				7764AE03196CA48800C865CF /* InfoPlist.strings in Resources */,
			);
			runOnlyForDeploymentPostprocessing = 0;
		};
/* End PBXResourcesBuildPhase section */

/* Begin PBXSourcesBuildPhase section */
		7764ADD2196CA48800C865CF /* Sources */ = {
			isa = PBXSourcesBuildPhase;
			buildActionMask = 2147483647;
			files = (
				7764ADF0196CA48800C865CF /* ViewController.m in Sources */,
				7764ADEA196CA48800C865CF /* AppDelegate.m in Sources */,
				7764ADE6196CA48800C865CF /* main.m in Sources */,
			);
			runOnlyForDeploymentPostprocessing = 0;
		};
		7764ADF3196CA48800C865CF /* Sources */ = {
			isa = PBXSourcesBuildPhase;
			buildActionMask = 2147483647;
			files = (
				7764AE05196CA48800C865CF /* CalcTests.m in Sources */,
			);
			runOnlyForDeploymentPostprocessing = 0;
		};
/* End PBXSourcesBuildPhase section */

/* Begin PBXTargetDependency section */
		7764ADFD196CA48800C865CF /* PBXTargetDependency */ = {
			isa = PBXTargetDependency;
			target = 7764ADD5196CA48800C865CF /* Calc */;
			targetProxy = 7764ADFC196CA48800C865CF /* PBXContainerItemProxy */;
		};
/* End PBXTargetDependency section */

/* Begin PBXVariantGroup section */
		7764ADE2196CA48800C865CF /* InfoPlist.strings */ = {
			isa = PBXVariantGroup;
			children = (
				7764ADE3196CA48800C865CF /* en */,
			);
			name = InfoPlist.strings;
			sourceTree = "<group>";
		};
		7764ADEB196CA48800C865CF /* Main.storyboard */ = {
			isa = PBXVariantGroup;
			children = (
				7764ADEC196CA48800C865CF /* Base */,
			);
			name = Main.storyboard;
			sourceTree = "<group>";
		};
		7764AE01196CA48800C865CF /* InfoPlist.strings */ = {
			isa = PBXVariantGroup;
			children = (
				7764AE02196CA48800C865CF /* en */,
			);
			name = InfoPlist.strings;
			sourceTree = "<group>";
		};
/* End PBXVariantGroup section */

/* Begin XCBuildConfiguration section */
		7764AE06196CA48800C865CF /* Debug */ = {
			isa = XCBuildConfiguration;
			buildSettings = {
				ALWAYS_SEARCH_USER_PATHS = NO;
				CLANG_CXX_LANGUAGE_STANDARD = "gnu++0x";
				CLANG_CXX_LIBRARY = "libc++";
				CLANG_ENABLE_MODULES = YES;
				CLANG_ENABLE_OBJC_ARC = YES;
				CLANG_WARN_BOOL_CONVERSION = YES;
				CLANG_WARN_CONSTANT_CONVERSION = YES;
				CLANG_WARN_DIRECT_OBJC_ISA_USAGE = YES_ERROR;
				CLANG_WARN_EMPTY_BODY = YES;
				CLANG_WARN_ENUM_CONVERSION = YES;
				CLANG_WARN_INT_CONVERSION = YES;
				CLANG_WARN_OBJC_ROOT_CLASS = YES_ERROR;
				CLANG_WARN__DUPLICATE_METHOD_MATCH = YES;
				"CODE_SIGN_IDENTITY[sdk=iphoneos*]" = "iPhone Developer";
				COPY_PHASE_STRIP = NO;
				GCC_C_LANGUAGE_STANDARD = gnu99;
				GCC_DYNAMIC_NO_PIC = NO;
				GCC_OPTIMIZATION_LEVEL = 0;
				GCC_PREPROCESSOR_DEFINITIONS = (
					"DEBUG=1",
					"$(inherited)",
				);
				GCC_SYMBOLS_PRIVATE_EXTERN = NO;
				GCC_WARN_64_TO_32_BIT_CONVERSION = YES;
				GCC_WARN_ABOUT_RETURN_TYPE = YES_ERROR;
				GCC_WARN_UNDECLARED_SELECTOR = YES;
				GCC_WARN_UNINITIALIZED_AUTOS = YES_AGGRESSIVE;
				GCC_WARN_UNUSED_FUNCTION = YES;
				GCC_WARN_UNUSED_VARIABLE = YES;
				IPHONEOS_DEPLOYMENT_TARGET = 7.1;
				ONLY_ACTIVE_ARCH = YES;
				SDKROOT = iphoneos;
			};
			name = Debug;
		};
		7764AE07196CA48800C865CF /* Release */ = {
			isa = XCBuildConfiguration;
			buildSettings = {
				ALWAYS_SEARCH_USER_PATHS = NO;
				CLANG_CXX_LANGUAGE_STANDARD = "gnu++0x";
				CLANG_CXX_LIBRARY = "libc++";
				CLANG_ENABLE_MODULES = YES;
				CLANG_ENABLE_OBJC_ARC = YES;
				CLANG_WARN_BOOL_CONVERSION = YES;
				CLANG_WARN_CONSTANT_CONVERSION = YES;
				CLANG_WARN_DIRECT_OBJC_ISA_USAGE = YES_ERROR;
				CLANG_WARN_EMPTY_BODY = YES;
				CLANG_WARN_ENUM_CONVERSION = YES;
				CLANG_WARN_INT_CONVERSION = YES;
				CLANG_WARN_OBJC_ROOT_CLASS = YES_ERROR;
				CLANG_WARN__DUPLICATE_METHOD_MATCH = YES;
				"CODE_SIGN_IDENTITY[sdk=iphoneos*]" = "iPhone Developer";
				COPY_PHASE_STRIP = YES;
				ENABLE_NS_ASSERTIONS = NO;
				GCC_C_LANGUAGE_STANDARD = gnu99;
				GCC_WARN_64_TO_32_BIT_CONVERSION = YES;
				GCC_WARN_ABOUT_RETURN_TYPE = YES_ERROR;
				GCC_WARN_UNDECLARED_SELECTOR = YES;
				GCC_WARN_UNINITIALIZED_AUTOS = YES_AGGRESSIVE;
				GCC_WARN_UNUSED_FUNCTION = YES;
				GCC_WARN_UNUSED_VARIABLE = YES;
				IPHONEOS_DEPLOYMENT_TARGET = 7.1;
				SDKROOT = iphoneos;
				VALIDATE_PRODUCT = YES;
			};
			name = Release;
		};
		7764AE09196CA48800C865CF /* Debug */ = {
			isa = XCBuildConfiguration;
			buildSettings = {
				ASSETCATALOG_COMPILER_APPICON_NAME = AppIcon;
				ASSETCATALOG_COMPILER_LAUNCHIMAGE_NAME = LaunchImage;
				GCC_PRECOMPILE_PREFIX_HEADER = YES;
				GCC_PREFIX_HEADER = "Calc/Calc-Prefix.pch";
				INFOPLIST_FILE = "Calc/Calc-Info.plist";
				PRODUCT_NAME = "$(TARGET_NAME)";
				WRAPPER_EXTENSION = app;
			};
			name = Debug;
		};
		7764AE0A196CA48800C865CF /* Release */ = {
			isa = XCBuildConfiguration;
			buildSettings = {
				ASSETCATALOG_COMPILER_APPICON_NAME = AppIcon;
				ASSETCATALOG_COMPILER_LAUNCHIMAGE_NAME = LaunchImage;
				GCC_PRECOMPILE_PREFIX_HEADER = YES;
				GCC_PREFIX_HEADER = "Calc/Calc-Prefix.pch";
				INFOPLIST_FILE = "Calc/Calc-Info.plist";
				PRODUCT_NAME = "$(TARGET_NAME)";
				WRAPPER_EXTENSION = app;
			};
			name = Release;
		};
		7764AE0C196CA48800C865CF /* Debug */ = {
			isa = XCBuildConfiguration;
			buildSettings = {
				BUNDLE_LOADER = "$(BUILT_PRODUCTS_DIR)/Calc.app/Calc";
				FRAMEWORK_SEARCH_PATHS = (
					"$(SDKROOT)/Developer/Library/Frameworks",
					"$(inherited)",
					"$(DEVELOPER_FRAMEWORKS_DIR)",
				);
				GCC_PRECOMPILE_PREFIX_HEADER = YES;
				GCC_PREFIX_HEADER = "Calc/Calc-Prefix.pch";
				GCC_PREPROCESSOR_DEFINITIONS = (
					"DEBUG=1",
					"$(inherited)",
				);
				INFOPLIST_FILE = "CalcTests/CalcTests-Info.plist";
				PRODUCT_NAME = "$(TARGET_NAME)";
				TEST_HOST = "$(BUNDLE_LOADER)";
				WRAPPER_EXTENSION = xctest;
			};
			name = Debug;
		};
		7764AE0D196CA48800C865CF /* Release */ = {
			isa = XCBuildConfiguration;
			buildSettings = {
				BUNDLE_LOADER = "$(BUILT_PRODUCTS_DIR)/Calc.app/Calc";
				FRAMEWORK_SEARCH_PATHS = (
					"$(SDKROOT)/Developer/Library/Frameworks",
					"$(inherited)",
					"$(DEVELOPER_FRAMEWORKS_DIR)",
				);
				GCC_PRECOMPILE_PREFIX_HEADER = YES;
				GCC_PREFIX_HEADER = "Calc/Calc-Prefix.pch";
				INFOPLIST_FILE = "CalcTests/CalcTests-Info.plist";
				PRODUCT_NAME = "$(TARGET_NAME)";
				TEST_HOST = "$(BUNDLE_LOADER)";
				WRAPPER_EXTENSION = xctest;
			};
			name = Release;
		};
/* End XCBuildConfiguration section */

/* Begin XCConfigurationList section */
		7764ADD1196CA48800C865CF /* Build configuration list for PBXProject "Calc" */ = {
			isa = XCConfigurationList;
			buildConfigurations = (
				7764AE06196CA48800C865CF /* Debug */,
				7764AE07196CA48800C865CF /* Release */,
			);
			defaultConfigurationIsVisible = 0;
			defaultConfigurationName = Release;
		};
		7764AE08196CA48800C865CF /* Build configuration list for PBXNativeTarget "Calc" */ = {
			isa = XCConfigurationList;
			buildConfigurations = (
				7764AE09196CA48800C865CF /* Debug */,
				7764AE0A196CA48800C865CF /* Release */,
			);
			defaultConfigurationIsVisible = 0;
			defaultConfigurationName = Release;
		};
		7764AE0B196CA48800C865CF /* Build configuration list for PBXNativeTarget "CalcTests" */ = {
			isa = XCConfigurationList;
			buildConfigurations = (
				7764AE0C196CA48800C865CF /* Debug */,
				7764AE0D196CA48800C865CF /* Release */,
			);
			defaultConfigurationIsVisible = 0;
			defaultConfigurationName = Release;
		};
/* End XCConfigurationList section */
	};
	rootObject = 7764ADCE196CA48800C865CF /* Project object */;
}
